
Microsoft Visual Studio Solution File, Format Version 12.00
# Visual Studio Version 17
VisualStudioVersion = 17.0.32126.317
MinimumVisualStudioVersion = 10.0.40219.1
Project("{9A19103F-16F7-4668-BE54-9A1E7A4F7556}") = "Mono.Cecil.FunLogTimeNet", "Mono.Cecil.FunLogTimeNet.csproj", "{C56D44AC-038E-46A5-9838-CCA2E6A7949A}"
EndProject
Global
	GlobalSection(SolutionConfigurationPlatforms) = preSolution
		Debug|Any CPU = Debug|Any CPU
		Release|Any CPU = Release|Any CPU
	EndGlobalSection
	GlobalSection(ProjectConfigurationPlatforms) = postSolution
		{C56D44AC-038E-46A5-9838-CCA2E6A7949A}.Debug|Any CPU.ActiveCfg = Debug|Any CPU
		{C56D44AC-038E-46A5-9838-CCA2E6A7949A}.Debug|Any CPU.Build.0 = Debug|Any CPU
		{C56D44AC-038E-46A5-9838-CCA2E6A7949A}.Release|Any CPU.ActiveCfg = Release|Any CPU
		{C56D44AC-038E-46A5-9838-CCA2E6A7949A}.Release|Any CPU.Build.0 = Release|Any CPU
	EndGlobalSection
	GlobalSection(SolutionProperties) = preSolution
		HideSolutionNode = FALSE
	EndGlobalSection
	GlobalSection(ExtensibilityGlobals) = postSolution
		SolutionGuid = {C7FA879C-78F5-448E-9157-80AEB1DA0472}
	EndGlobalSection
EndGlobal
